
Microsoft Visual Studio Solution File, Format Version 12.00
# Visual Studio Version 17
VisualStudioVersion = 17.3.32804.467
MinimumVisualStudioVersion = 10.0.40219.1
Project("{FAE04EC0-301F-11D3-BF4B-00C04F79EFBC}") = "Ticketing", "Ticketing\Ticketing.csproj", "{0B42E1CE-01B9-4349-BBDE-31F953F5CD3A}"
EndProject
Project("{2150E333-8FDC-42A3-9474-1A3956D46DE8}") = "Presentation", "Presentation", "{08C53B81-87A6-4C22-83CD-D4AD10895A07}"
EndProject
Project("{2150E333-8FDC-42A3-9474-1A3956D46DE8}") = "Core", "Core", "{64801219-9702-4C27-B25F-C600544BFD2B}"
EndProject
Project("{2150E333-8FDC-42A3-9474-1A3956D46DE8}") = "Test", "Test", "{354E644C-40C9-4BE4-8ED2-87AC6448D32B}"
EndProject
Project("{FAE04EC0-301F-11D3-BF4B-00C04F79EFBC}") = "Service", "Service\Service.csproj", "{1AF71A6C-9A3B-429F-A491-DEF186AB1494}"
EndProject
Project("{FAE04EC0-301F-11D3-BF4B-00C04F79EFBC}") = "Contract", "Contract\Contract.csproj", "{4A7FD032-E98E-43AB-BFE8-CB9C2971D16C}"
EndProject
Project("{FAE04EC0-301F-11D3-BF4B-00C04F79EFBC}") = "Common", "Common\Common.csproj", "{0DCA432D-AC70-4D0A-8241-3CC958253D0E}"
EndProject
Project("{FAE04EC0-301F-11D3-BF4B-00C04F79EFBC}") = "Datalayer", "Datalayer\Datalayer.csproj", "{8C34CF65-CE7E-44B6-9D2E-CE3E8BE49494}"
EndProject
Project("{FAE04EC0-301F-11D3-BF4B-00C04F79EFBC}") = "Domain", "Domain\Domain.csproj", "{9837517F-9D91-46D2-9067-17F4206D6ADF}"
EndProject
Project("{FAE04EC0-301F-11D3-BF4B-00C04F79EFBC}") = "Contract.Test", "Contract.Test\Contract.Test.csproj", "{86E5C0E1-303A-4446-888D-FE6084E4C941}"
EndProject
Global
	GlobalSection(SolutionConfigurationPlatforms) = preSolution
		Debug|Any CPU = Debug|Any CPU
		Release|Any CPU = Release|Any CPU
	EndGlobalSection
	GlobalSection(ProjectConfigurationPlatforms) = postSolution
		{0B42E1CE-01B9-4349-BBDE-31F953F5CD3A}.Debug|Any CPU.ActiveCfg = Debug|Any CPU
		{0B42E1CE-01B9-4349-BBDE-31F953F5CD3A}.Debug|Any CPU.Build.0 = Debug|Any CPU
		{0B42E1CE-01B9-4349-BBDE-31F953F5CD3A}.Release|Any CPU.ActiveCfg = Release|Any CPU
		{0B42E1CE-01B9-4349-BBDE-31F953F5CD3A}.Release|Any CPU.Build.0 = Release|Any CPU
		{1AF71A6C-9A3B-429F-A491-DEF186AB1494}.Debug|Any CPU.ActiveCfg = Debug|Any CPU
		{1AF71A6C-9A3B-429F-A491-DEF186AB1494}.Debug|Any CPU.Build.0 = Debug|Any CPU
		{1AF71A6C-9A3B-429F-A491-DEF186AB1494}.Release|Any CPU.ActiveCfg = Release|Any CPU
		{1AF71A6C-9A3B-429F-A491-DEF186AB1494}.Release|Any CPU.Build.0 = Release|Any CPU
		{4A7FD032-E98E-43AB-BFE8-CB9C2971D16C}.Debug|Any CPU.ActiveCfg = Debug|Any CPU
		{4A7FD032-E98E-43AB-BFE8-CB9C2971D16C}.Debug|Any CPU.Build.0 = Debug|Any CPU
		{4A7FD032-E98E-43AB-BFE8-CB9C2971D16C}.Release|Any CPU.ActiveCfg = Release|Any CPU
		{4A7FD032-E98E-43AB-BFE8-CB9C2971D16C}.Release|Any CPU.Build.0 = Release|Any CPU
		{0DCA432D-AC70-4D0A-8241-3CC958253D0E}.Debug|Any CPU.ActiveCfg = Debug|Any CPU
		{0DCA432D-AC70-4D0A-8241-3CC958253D0E}.Debug|Any CPU.Build.0 = Debug|Any CPU
		{0DCA432D-AC70-4D0A-8241-3CC958253D0E}.Release|Any CPU.ActiveCfg = Release|Any CPU
		{0DCA432D-AC70-4D0A-8241-3CC958253D0E}.Release|Any CPU.Build.0 = Release|Any CPU
		{8C34CF65-CE7E-44B6-9D2E-CE3E8BE49494}.Debug|Any CPU.ActiveCfg = Debug|Any CPU
		{8C34CF65-CE7E-44B6-9D2E-CE3E8BE49494}.Debug|Any CPU.Build.0 = Debug|Any CPU
		{8C34CF65-CE7E-44B6-9D2E-CE3E8BE49494}.Release|Any CPU.ActiveCfg = Release|Any CPU
		{8C34CF65-CE7E-44B6-9D2E-CE3E8BE49494}.Release|Any CPU.Build.0 = Release|Any CPU
		{9837517F-9D91-46D2-9067-17F4206D6ADF}.Debug|Any CPU.ActiveCfg = Debug|Any CPU
		{9837517F-9D91-46D2-9067-17F4206D6ADF}.Debug|Any CPU.Build.0 = Debug|Any CPU
		{9837517F-9D91-46D2-9067-17F4206D6ADF}.Release|Any CPU.ActiveCfg = Release|Any CPU
		{9837517F-9D91-46D2-9067-17F4206D6ADF}.Release|Any CPU.Build.0 = Release|Any CPU
		{86E5C0E1-303A-4446-888D-FE6084E4C941}.Debug|Any CPU.ActiveCfg = Debug|Any CPU
		{86E5C0E1-303A-4446-888D-FE6084E4C941}.Debug|Any CPU.Build.0 = Debug|Any CPU
		{86E5C0E1-303A-4446-888D-FE6084E4C941}.Release|Any CPU.ActiveCfg = Release|Any CPU
		{86E5C0E1-303A-4446-888D-FE6084E4C941}.Release|Any CPU.Build.0 = Release|Any CPU
	EndGlobalSection
	GlobalSection(SolutionProperties) = preSolution
		HideSolutionNode = FALSE
	EndGlobalSection
	GlobalSection(NestedProjects) = preSolution
		{0B42E1CE-01B9-4349-BBDE-31F953F5CD3A} = {08C53B81-87A6-4C22-83CD-D4AD10895A07}
		{1AF71A6C-9A3B-429F-A491-DEF186AB1494} = {64801219-9702-4C27-B25F-C600544BFD2B}
		{4A7FD032-E98E-43AB-BFE8-CB9C2971D16C} = {64801219-9702-4C27-B25F-C600544BFD2B}
		{0DCA432D-AC70-4D0A-8241-3CC958253D0E} = {64801219-9702-4C27-B25F-C600544BFD2B}
		{8C34CF65-CE7E-44B6-9D2E-CE3E8BE49494} = {64801219-9702-4C27-B25F-C600544BFD2B}
		{9837517F-9D91-46D2-9067-17F4206D6ADF} = {64801219-9702-4C27-B25F-C600544BFD2B}
		{86E5C0E1-303A-4446-888D-FE6084E4C941} = {354E644C-40C9-4BE4-8ED2-87AC6448D32B}
	EndGlobalSection
	GlobalSection(ExtensibilityGlobals) = postSolution
		SolutionGuid = {B076B3AF-09DC-483C-B952-E1386ACFF629}
	EndGlobalSection
EndGlobal
